
Microsoft Visual Studio Solution File, Format Version 12.00
# Visual Studio Version 16
VisualStudioVersion = 16.0.34031.81
MinimumVisualStudioVersion = 10.0.40219.1
Project("{2150E333-8FDC-42A3-9474-1A3956D46DE8}") = "Task0", "Task0", "{1EB60E3E-A5DD-4342-B8FC-584F80F5D3B1}"
EndProject
Project("{FAE04EC0-301F-11D3-BF4B-00C04F79EFBC}") = "Tyuiu.MezentsevSE.Sprint3.Task0.V28", "Tyuiu.MezentsevSE.Sprint3.Task0.V28\Tyuiu.MezentsevSE.Sprint3.Task0.V28.csproj", "{04915E78-1E05-4808-BE64-26BD68A9ADF0}"
EndProject
Project("{FAE04EC0-301F-11D3-BF4B-00C04F79EFBC}") = "Tyuiu.MezentsevSE.Sprint3.Task0.V28.Lib", "Tyuiu.MezentsevSE.Sprint3.Task0.V28.Lib\Tyuiu.MezentsevSE.Sprint3.Task0.V28.Lib.csproj", "{1B606C73-215D-4B3B-9E18-D467E220E4E8}"
EndProject
Project("{FAE04EC0-301F-11D3-BF4B-00C04F79EFBC}") = "Tyuiu.MezentsevSE.Sprint3.Task0.V28.Test", "Tyuiu.MezentsevSE.Sprint3.Task0.V28.Test\Tyuiu.MezentsevSE.Sprint3.Task0.V28.Test.csproj", "{9CCC2588-981E-4EFE-8705-E6E9DF2FEC5C}"
EndProject
Project("{2150E333-8FDC-42A3-9474-1A3956D46DE8}") = "Task1", "Task1", "{B22E37A4-4EF1-4385-87BB-0F09DFAA6AC6}"
EndProject
Project("{FAE04EC0-301F-11D3-BF4B-00C04F79EFBC}") = "Tyuiu.MezentsevSE.Sprint3.Task1.V28", "Tyuiu.MezentsevSE.Sprint3.Task1.V28\Tyuiu.MezentsevSE.Sprint3.Task1.V28.csproj", "{2B5A2E7C-0F35-45CD-9F99-BCAE1A9064DA}"
EndProject
Project("{FAE04EC0-301F-11D3-BF4B-00C04F79EFBC}") = "Tyuiu.MezentsevSE.Sprint3.Task1.V28.Lib", "Tyuiu.MezentsevSE.Sprint3.Task1.V28.Lib\Tyuiu.MezentsevSE.Sprint3.Task1.V28.Lib.csproj", "{89639CBD-68D2-4348-BF55-34C085571147}"
EndProject
Project("{FAE04EC0-301F-11D3-BF4B-00C04F79EFBC}") = "Tyuiu.MezentsevSE.Sprint3.Task1.V28.Test", "Tyuiu.MezentsevSE.Sprint3.Task1.V28.Test\Tyuiu.MezentsevSE.Sprint3.Task1.V28.Test.csproj", "{DC9C7EE9-1EC5-41A4-84DE-770ECE177715}"
EndProject
Project("{2150E333-8FDC-42A3-9474-1A3956D46DE8}") = "Task2", "Task2", "{8BB6567C-6DC0-442F-B2AB-E4ED0328442D}"
EndProject
Project("{FAE04EC0-301F-11D3-BF4B-00C04F79EFBC}") = "Tyuiu.MezentsevSE.Sprint3.Task2.V19", "Tyuiu.MezentsevSE.Sprint3.Task2.V19\Tyuiu.MezentsevSE.Sprint3.Task2.V19.csproj", "{13F8F387-0153-43D8-A4DE-64102A5075E6}"
EndProject
Project("{FAE04EC0-301F-11D3-BF4B-00C04F79EFBC}") = "Tyuiu.MezentsevSE.Sprint3.Task2.V19.Lib", "Tyuiu.MezentsevSE.Sprint3.Task2.V19.Lib\Tyuiu.MezentsevSE.Sprint3.Task2.V19.Lib.csproj", "{EBEF36B0-2B1E-4C80-9296-AD37B66EE57A}"
EndProject
Project("{FAE04EC0-301F-11D3-BF4B-00C04F79EFBC}") = "Tyuiu.MezentsevSE.Sprint3.Task2.V19.Test", "Tyuiu.MezentsevSE.Sprint3.Task2.V19.Test\Tyuiu.MezentsevSE.Sprint3.Task2.V19.Test.csproj", "{C788CCDA-CFC9-42D1-AB2F-D1AB0E11020C}"
EndProject
Project("{2150E333-8FDC-42A3-9474-1A3956D46DE8}") = "Task3", "Task3", "{F588760B-2195-419A-8EB6-90105C572FFD}"
EndProject
Project("{FAE04EC0-301F-11D3-BF4B-00C04F79EFBC}") = "Tyuiu.MezentsevSE.Sprint3.Task3.V18", "Tyuiu.MezentsevSE.Sprint3.Task3.V18\Tyuiu.MezentsevSE.Sprint3.Task3.V18.csproj", "{BA39F80E-1C86-4A01-90B5-EC9E0ED91BAF}"
EndProject
Project("{FAE04EC0-301F-11D3-BF4B-00C04F79EFBC}") = "Tyuiu.MezentsevSE.Sprint3.Task3.V18.Lib", "Tyuiu.MezentsevSE.Sprint3.Task3.V18.Lib\Tyuiu.MezentsevSE.Sprint3.Task3.V18.Lib.csproj", "{6AABD90D-5ABD-4920-8885-78509FBB7075}"
EndProject
Project("{FAE04EC0-301F-11D3-BF4B-00C04F79EFBC}") = "Tyuiu.MezentsevSE.Sprint3.Task3.V18.Test", "Tyuiu.MezentsevSE.Sprint3.Task3.V18.Test\Tyuiu.MezentsevSE.Sprint3.Task3.V18.Test.csproj", "{6A4BD14F-A44D-47BB-844C-C5566005BEF3}"
EndProject
Project("{2150E333-8FDC-42A3-9474-1A3956D46DE8}") = "Task4", "Task4", "{EBF8F74E-0DDA-479D-B0B9-E826F85CE250}"
EndProject
Project("{FAE04EC0-301F-11D3-BF4B-00C04F79EFBC}") = "Tyuiu.MezentsevSE.Sprint3.Task4.V3", "Tyuiu.MezentsevSE.Sprint3.Task4.V3\Tyuiu.MezentsevSE.Sprint3.Task4.V3.csproj", "{44EC26EC-2635-493E-ACA3-1A4337608CCC}"
EndProject
Project("{FAE04EC0-301F-11D3-BF4B-00C04F79EFBC}") = "Tyuiu.MezentsevSE.Sprint3.Task4.V3.Lib", "Tyuiu.MezentsevSE.Sprint3.Task4.V3.Lib\Tyuiu.MezentsevSE.Sprint3.Task4.V3.Lib.csproj", "{8C3D92DB-7768-4C44-97B7-D1357ADF549B}"
EndProject
Project("{FAE04EC0-301F-11D3-BF4B-00C04F79EFBC}") = "Tyuiu.MezentsevSE.Sprint3.Task4.V3.Test", "Tyuiu.MezentsevSE.Sprint3.Task4.V3.Test\Tyuiu.MezentsevSE.Sprint3.Task4.V3.Test.csproj", "{2BCE4314-F73F-4B0D-80DB-21E956BBE63F}"
EndProject
Project("{2150E333-8FDC-42A3-9474-1A3956D46DE8}") = "Task5", "Task5", "{1BE2F776-2519-408F-9271-7141A70B04D7}"
EndProject
Project("{FAE04EC0-301F-11D3-BF4B-00C04F79EFBC}") = "Tyuiu.MezentsevSE.Sprint3.Task5.V22", "Tyuiu.MezentsevSE.Sprint3.Task5.V22\Tyuiu.MezentsevSE.Sprint3.Task5.V22.csproj", "{0AA43474-1866-4CCB-B4EC-D7470A0D4753}"
EndProject
Project("{FAE04EC0-301F-11D3-BF4B-00C04F79EFBC}") = "Tyuiu.MezentsevSE.Sprint3.Task5.V22.Lib", "Tyuiu.MezentsevSE.Sprint3.Task5.V22.Lib\Tyuiu.MezentsevSE.Sprint3.Task5.V22.Lib.csproj", "{B6A83418-325A-4E10-BD6C-2D175EB9B83D}"
EndProject
Project("{FAE04EC0-301F-11D3-BF4B-00C04F79EFBC}") = "Tyuiu.MezentsevSE.Sprint3.Task5.V22.Test", "Tyuiu.MezentsevSE.Sprint3.Task5.V22.Test\Tyuiu.MezentsevSE.Sprint3.Task5.V22.Test.csproj", "{AE508BD9-7621-48DB-9E65-F78CBAF576BF}"
EndProject
Project("{2150E333-8FDC-42A3-9474-1A3956D46DE8}") = "Task6", "Task6", "{EC9D6919-F06B-4F8E-BB5F-6884987FD2B0}"
EndProject
Project("{FAE04EC0-301F-11D3-BF4B-00C04F79EFBC}") = "Tyuiu.MezentsevSE.Sprint3.Task6.V6", "Tyuiu.MezentsevSE.Sprint3.Task6.V6\Tyuiu.MezentsevSE.Sprint3.Task6.V6.csproj", "{610A8D94-F518-414C-A102-0BFE649DC1F0}"
EndProject
Project("{FAE04EC0-301F-11D3-BF4B-00C04F79EFBC}") = "Tyuiu.MezentsevSE.Sprint3.Task6.V6.Lib", "Tyuiu.MezentsevSE.Sprint3.Task6.V6.Lib\Tyuiu.MezentsevSE.Sprint3.Task6.V6.Lib.csproj", "{A162C2C9-9AE1-4360-96C9-1D7AB0B4B7C0}"
EndProject
Project("{FAE04EC0-301F-11D3-BF4B-00C04F79EFBC}") = "Tyuiu.MezentsevSE.Sprint3.Task6.V6.Test", "Tyuiu.MezentsevSE.Sprint3.Task6.V6.Test\Tyuiu.MezentsevSE.Sprint3.Task6.V6.Test.csproj", "{3E7B74FD-4D1C-4927-A594-67C08B45C0B7}"
EndProject
Project("{2150E333-8FDC-42A3-9474-1A3956D46DE8}") = "Task7", "Task7", "{5E8062EA-DE35-4B32-B626-2D76DA3B90B5}"
EndProject
Project("{FAE04EC0-301F-11D3-BF4B-00C04F79EFBC}") = "Tyuiu.MezentsevSE.Sprint3.Task7.V6", "Tyuiu.MezentsevSE.Sprint3.Task7.V6\Tyuiu.MezentsevSE.Sprint3.Task7.V6.csproj", "{D166A7E6-CCBD-4E8E-8663-78D25C57D011}"
EndProject
Project("{FAE04EC0-301F-11D3-BF4B-00C04F79EFBC}") = "Tyuiu.MezentsevSE.Sprint3.Task7.V6.Lib", "Tyuiu.MezentsevSE.Sprint3.Task7.V6.Lib\Tyuiu.MezentsevSE.Sprint3.Task7.V6.Lib.csproj", "{0F73342A-D715-4756-A39A-42CD6043F709}"
EndProject
Project("{FAE04EC0-301F-11D3-BF4B-00C04F79EFBC}") = "Tyuiu.MezentsevSE.Sprint3.Task7.V6.Test", "Tyuiu.MezentsevSE.Sprint3.Task7.V6.Test\Tyuiu.MezentsevSE.Sprint3.Task7.V6.Test.csproj", "{0AE8DCD8-C44D-40DB-93ED-D534EA67ECE9}"
EndProject
Global
	GlobalSection(SolutionConfigurationPlatforms) = preSolution
		Debug|Any CPU = Debug|Any CPU
		Release|Any CPU = Release|Any CPU
	EndGlobalSection
	GlobalSection(ProjectConfigurationPlatforms) = postSolution
		{04915E78-1E05-4808-BE64-26BD68A9ADF0}.Debug|Any CPU.ActiveCfg = Debug|Any CPU
		{04915E78-1E05-4808-BE64-26BD68A9ADF0}.Debug|Any CPU.Build.0 = Debug|Any CPU
		{04915E78-1E05-4808-BE64-26BD68A9ADF0}.Release|Any CPU.ActiveCfg = Release|Any CPU
		{04915E78-1E05-4808-BE64-26BD68A9ADF0}.Release|Any CPU.Build.0 = Release|Any CPU
		{1B606C73-215D-4B3B-9E18-D467E220E4E8}.Debug|Any CPU.ActiveCfg = Debug|Any CPU
		{1B606C73-215D-4B3B-9E18-D467E220E4E8}.Debug|Any CPU.Build.0 = Debug|Any CPU
		{1B606C73-215D-4B3B-9E18-D467E220E4E8}.Release|Any CPU.ActiveCfg = Release|Any CPU
		{1B606C73-215D-4B3B-9E18-D467E220E4E8}.Release|Any CPU.Build.0 = Release|Any CPU
		{9CCC2588-981E-4EFE-8705-E6E9DF2FEC5C}.Debug|Any CPU.ActiveCfg = Debug|Any CPU
		{9CCC2588-981E-4EFE-8705-E6E9DF2FEC5C}.Debug|Any CPU.Build.0 = Debug|Any CPU
		{9CCC2588-981E-4EFE-8705-E6E9DF2FEC5C}.Release|Any CPU.ActiveCfg = Release|Any CPU
		{9CCC2588-981E-4EFE-8705-E6E9DF2FEC5C}.Release|Any CPU.Build.0 = Release|Any CPU
		{2B5A2E7C-0F35-45CD-9F99-BCAE1A9064DA}.Debug|Any CPU.ActiveCfg = Debug|Any CPU
		{2B5A2E7C-0F35-45CD-9F99-BCAE1A9064DA}.Debug|Any CPU.Build.0 = Debug|Any CPU
		{2B5A2E7C-0F35-45CD-9F99-BCAE1A9064DA}.Release|Any CPU.ActiveCfg = Release|Any CPU
		{2B5A2E7C-0F35-45CD-9F99-BCAE1A9064DA}.Release|Any CPU.Build.0 = Release|Any CPU
		{89639CBD-68D2-4348-BF55-34C085571147}.Debug|Any CPU.ActiveCfg = Debug|Any CPU
		{89639CBD-68D2-4348-BF55-34C085571147}.Debug|Any CPU.Build.0 = Debug|Any CPU
		{89639CBD-68D2-4348-BF55-34C085571147}.Release|Any CPU.ActiveCfg = Release|Any CPU
		{89639CBD-68D2-4348-BF55-34C085571147}.Release|Any CPU.Build.0 = Release|Any CPU
		{DC9C7EE9-1EC5-41A4-84DE-770ECE177715}.Debug|Any CPU.ActiveCfg = Debug|Any CPU
		{DC9C7EE9-1EC5-41A4-84DE-770ECE177715}.Debug|Any CPU.Build.0 = Debug|Any CPU
		{DC9C7EE9-1EC5-41A4-84DE-770ECE177715}.Release|Any CPU.ActiveCfg = Release|Any CPU
		{DC9C7EE9-1EC5-41A4-84DE-770ECE177715}.Release|Any CPU.Build.0 = Release|Any CPU
		{13F8F387-0153-43D8-A4DE-64102A5075E6}.Debug|Any CPU.ActiveCfg = Debug|Any CPU
		{13F8F387-0153-43D8-A4DE-64102A5075E6}.Debug|Any CPU.Build.0 = Debug|Any CPU
		{13F8F387-0153-43D8-A4DE-64102A5075E6}.Release|Any CPU.ActiveCfg = Release|Any CPU
		{13F8F387-0153-43D8-A4DE-64102A5075E6}.Release|Any CPU.Build.0 = Release|Any CPU
		{EBEF36B0-2B1E-4C80-9296-AD37B66EE57A}.Debug|Any CPU.ActiveCfg = Debug|Any CPU
		{EBEF36B0-2B1E-4C80-9296-AD37B66EE57A}.Debug|Any CPU.Build.0 = Debug|Any CPU
		{EBEF36B0-2B1E-4C80-9296-AD37B66EE57A}.Release|Any CPU.ActiveCfg = Release|Any CPU
		{EBEF36B0-2B1E-4C80-9296-AD37B66EE57A}.Release|Any CPU.Build.0 = Release|Any CPU
		{C788CCDA-CFC9-42D1-AB2F-D1AB0E11020C}.Debug|Any CPU.ActiveCfg = Debug|Any CPU
		{C788CCDA-CFC9-42D1-AB2F-D1AB0E11020C}.Debug|Any CPU.Build.0 = Debug|Any CPU
		{C788CCDA-CFC9-42D1-AB2F-D1AB0E11020C}.Release|Any CPU.ActiveCfg = Release|Any CPU
		{C788CCDA-CFC9-42D1-AB2F-D1AB0E11020C}.Release|Any CPU.Build.0 = Release|Any CPU
		{BA39F80E-1C86-4A01-90B5-EC9E0ED91BAF}.Debug|Any CPU.ActiveCfg = Debug|Any CPU
		{BA39F80E-1C86-4A01-90B5-EC9E0ED91BAF}.Debug|Any CPU.Build.0 = Debug|Any CPU
		{BA39F80E-1C86-4A01-90B5-EC9E0ED91BAF}.Release|Any CPU.ActiveCfg = Release|Any CPU
		{BA39F80E-1C86-4A01-90B5-EC9E0ED91BAF}.Release|Any CPU.Build.0 = Release|Any CPU
		{6AABD90D-5ABD-4920-8885-78509FBB7075}.Debug|Any CPU.ActiveCfg = Debug|Any CPU
		{6AABD90D-5ABD-4920-8885-78509FBB7075}.Debug|Any CPU.Build.0 = Debug|Any CPU
		{6AABD90D-5ABD-4920-8885-78509FBB7075}.Release|Any CPU.ActiveCfg = Release|Any CPU
		{6AABD90D-5ABD-4920-8885-78509FBB7075}.Release|Any CPU.Build.0 = Release|Any CPU
		{6A4BD14F-A44D-47BB-844C-C5566005BEF3}.Debug|Any CPU.ActiveCfg = Debug|Any CPU
		{6A4BD14F-A44D-47BB-844C-C5566005BEF3}.Debug|Any CPU.Build.0 = Debug|Any CPU
		{6A4BD14F-A44D-47BB-844C-C5566005BEF3}.Release|Any CPU.ActiveCfg = Release|Any CPU
		{6A4BD14F-A44D-47BB-844C-C5566005BEF3}.Release|Any CPU.Build.0 = Release|Any CPU
		{44EC26EC-2635-493E-ACA3-1A4337608CCC}.Debug|Any CPU.ActiveCfg = Debug|Any CPU
		{44EC26EC-2635-493E-ACA3-1A4337608CCC}.Debug|Any CPU.Build.0 = Debug|Any CPU
		{44EC26EC-2635-493E-ACA3-1A4337608CCC}.Release|Any CPU.ActiveCfg = Release|Any CPU
		{44EC26EC-2635-493E-ACA3-1A4337608CCC}.Release|Any CPU.Build.0 = Release|Any CPU
		{8C3D92DB-7768-4C44-97B7-D1357ADF549B}.Debug|Any CPU.ActiveCfg = Debug|Any CPU
		{8C3D92DB-7768-4C44-97B7-D1357ADF549B}.Debug|Any CPU.Build.0 = Debug|Any CPU
		{8C3D92DB-7768-4C44-97B7-D1357ADF549B}.Release|Any CPU.ActiveCfg = Release|Any CPU
		{8C3D92DB-7768-4C44-97B7-D1357ADF549B}.Release|Any CPU.Build.0 = Release|Any CPU
		{2BCE4314-F73F-4B0D-80DB-21E956BBE63F}.Debug|Any CPU.ActiveCfg = Debug|Any CPU
		{2BCE4314-F73F-4B0D-80DB-21E956BBE63F}.Debug|Any CPU.Build.0 = Debug|Any CPU
		{2BCE4314-F73F-4B0D-80DB-21E956BBE63F}.Release|Any CPU.ActiveCfg = Release|Any CPU
		{2BCE4314-F73F-4B0D-80DB-21E956BBE63F}.Release|Any CPU.Build.0 = Release|Any CPU
		{0AA43474-1866-4CCB-B4EC-D7470A0D4753}.Debug|Any CPU.ActiveCfg = Debug|Any CPU
		{0AA43474-1866-4CCB-B4EC-D7470A0D4753}.Debug|Any CPU.Build.0 = Debug|Any CPU
		{0AA43474-1866-4CCB-B4EC-D7470A0D4753}.Release|Any CPU.ActiveCfg = Release|Any CPU
		{0AA43474-1866-4CCB-B4EC-D7470A0D4753}.Release|Any CPU.Build.0 = Release|Any CPU
		{B6A83418-325A-4E10-BD6C-2D175EB9B83D}.Debug|Any CPU.ActiveCfg = Debug|Any CPU
		{B6A83418-325A-4E10-BD6C-2D175EB9B83D}.Debug|Any CPU.Build.0 = Debug|Any CPU
		{B6A83418-325A-4E10-BD6C-2D175EB9B83D}.Release|Any CPU.ActiveCfg = Release|Any CPU
		{B6A83418-325A-4E10-BD6C-2D175EB9B83D}.Release|Any CPU.Build.0 = Release|Any CPU
		{AE508BD9-7621-48DB-9E65-F78CBAF576BF}.Debug|Any CPU.ActiveCfg = Debug|Any CPU
		{AE508BD9-7621-48DB-9E65-F78CBAF576BF}.Debug|Any CPU.Build.0 = Debug|Any CPU
		{AE508BD9-7621-48DB-9E65-F78CBAF576BF}.Release|Any CPU.ActiveCfg = Release|Any CPU
		{AE508BD9-7621-48DB-9E65-F78CBAF576BF}.Release|Any CPU.Build.0 = Release|Any CPU
		{610A8D94-F518-414C-A102-0BFE649DC1F0}.Debug|Any CPU.ActiveCfg = Debug|Any CPU
		{610A8D94-F518-414C-A102-0BFE649DC1F0}.Debug|Any CPU.Build.0 = Debug|Any CPU
		{610A8D94-F518-414C-A102-0BFE649DC1F0}.Release|Any CPU.ActiveCfg = Release|Any CPU
		{610A8D94-F518-414C-A102-0BFE649DC1F0}.Release|Any CPU.Build.0 = Release|Any CPU
		{A162C2C9-9AE1-4360-96C9-1D7AB0B4B7C0}.Debug|Any CPU.ActiveCfg = Debug|Any CPU
		{A162C2C9-9AE1-4360-96C9-1D7AB0B4B7C0}.Debug|Any CPU.Build.0 = Debug|Any CPU
		{A162C2C9-9AE1-4360-96C9-1D7AB0B4B7C0}.Release|Any CPU.ActiveCfg = Release|Any CPU
		{A162C2C9-9AE1-4360-96C9-1D7AB0B4B7C0}.Release|Any CPU.Build.0 = Release|Any CPU
		{3E7B74FD-4D1C-4927-A594-67C08B45C0B7}.Debug|Any CPU.ActiveCfg = Debug|Any CPU
		{3E7B74FD-4D1C-4927-A594-67C08B45C0B7}.Debug|Any CPU.Build.0 = Debug|Any CPU
		{3E7B74FD-4D1C-4927-A594-67C08B45C0B7}.Release|Any CPU.ActiveCfg = Release|Any CPU
		{3E7B74FD-4D1C-4927-A594-67C08B45C0B7}.Release|Any CPU.Build.0 = Release|Any CPU
		{D166A7E6-CCBD-4E8E-8663-78D25C57D011}.Debug|Any CPU.ActiveCfg = Debug|Any CPU
		{D166A7E6-CCBD-4E8E-8663-78D25C57D011}.Debug|Any CPU.Build.0 = Debug|Any CPU
		{D166A7E6-CCBD-4E8E-8663-78D25C57D011}.Release|Any CPU.ActiveCfg = Release|Any CPU
		{D166A7E6-CCBD-4E8E-8663-78D25C57D011}.Release|Any CPU.Build.0 = Release|Any CPU
		{0F73342A-D715-4756-A39A-42CD6043F709}.Debug|Any CPU.ActiveCfg = Debug|Any CPU
		{0F73342A-D715-4756-A39A-42CD6043F709}.Debug|Any CPU.Build.0 = Debug|Any CPU
		{0F73342A-D715-4756-A39A-42CD6043F709}.Release|Any CPU.ActiveCfg = Release|Any CPU
		{0F73342A-D715-4756-A39A-42CD6043F709}.Release|Any CPU.Build.0 = Release|Any CPU
		{0AE8DCD8-C44D-40DB-93ED-D534EA67ECE9}.Debug|Any CPU.ActiveCfg = Debug|Any CPU
		{0AE8DCD8-C44D-40DB-93ED-D534EA67ECE9}.Debug|Any CPU.Build.0 = Debug|Any CPU
		{0AE8DCD8-C44D-40DB-93ED-D534EA67ECE9}.Release|Any CPU.ActiveCfg = Release|Any CPU
		{0AE8DCD8-C44D-40DB-93ED-D534EA67ECE9}.Release|Any CPU.Build.0 = Release|Any CPU
	EndGlobalSection
	GlobalSection(SolutionProperties) = preSolution
		HideSolutionNode = FALSE
	EndGlobalSection
	GlobalSection(NestedProjects) = preSolution
		{04915E78-1E05-4808-BE64-26BD68A9ADF0} = {1EB60E3E-A5DD-4342-B8FC-584F80F5D3B1}
		{1B606C73-215D-4B3B-9E18-D467E220E4E8} = {1EB60E3E-A5DD-4342-B8FC-584F80F5D3B1}
		{9CCC2588-981E-4EFE-8705-E6E9DF2FEC5C} = {1EB60E3E-A5DD-4342-B8FC-584F80F5D3B1}
		{2B5A2E7C-0F35-45CD-9F99-BCAE1A9064DA} = {B22E37A4-4EF1-4385-87BB-0F09DFAA6AC6}
		{89639CBD-68D2-4348-BF55-34C085571147} = {B22E37A4-4EF1-4385-87BB-0F09DFAA6AC6}
		{DC9C7EE9-1EC5-41A4-84DE-770ECE177715} = {B22E37A4-4EF1-4385-87BB-0F09DFAA6AC6}
		{13F8F387-0153-43D8-A4DE-64102A5075E6} = {8BB6567C-6DC0-442F-B2AB-E4ED0328442D}
		{EBEF36B0-2B1E-4C80-9296-AD37B66EE57A} = {8BB6567C-6DC0-442F-B2AB-E4ED0328442D}
		{C788CCDA-CFC9-42D1-AB2F-D1AB0E11020C} = {8BB6567C-6DC0-442F-B2AB-E4ED0328442D}
		{BA39F80E-1C86-4A01-90B5-EC9E0ED91BAF} = {F588760B-2195-419A-8EB6-90105C572FFD}
		{6AABD90D-5ABD-4920-8885-78509FBB7075} = {F588760B-2195-419A-8EB6-90105C572FFD}
		{6A4BD14F-A44D-47BB-844C-C5566005BEF3} = {F588760B-2195-419A-8EB6-90105C572FFD}
		{44EC26EC-2635-493E-ACA3-1A4337608CCC} = {EBF8F74E-0DDA-479D-B0B9-E826F85CE250}
		{8C3D92DB-7768-4C44-97B7-D1357ADF549B} = {EBF8F74E-0DDA-479D-B0B9-E826F85CE250}
		{2BCE4314-F73F-4B0D-80DB-21E956BBE63F} = {EBF8F74E-0DDA-479D-B0B9-E826F85CE250}
		{0AA43474-1866-4CCB-B4EC-D7470A0D4753} = {1BE2F776-2519-408F-9271-7141A70B04D7}
		{B6A83418-325A-4E10-BD6C-2D175EB9B83D} = {1BE2F776-2519-408F-9271-7141A70B04D7}
		{AE508BD9-7621-48DB-9E65-F78CBAF576BF} = {1BE2F776-2519-408F-9271-7141A70B04D7}
		{610A8D94-F518-414C-A102-0BFE649DC1F0} = {EC9D6919-F06B-4F8E-BB5F-6884987FD2B0}
		{A162C2C9-9AE1-4360-96C9-1D7AB0B4B7C0} = {EC9D6919-F06B-4F8E-BB5F-6884987FD2B0}
		{3E7B74FD-4D1C-4927-A594-67C08B45C0B7} = {EC9D6919-F06B-4F8E-BB5F-6884987FD2B0}
		{D166A7E6-CCBD-4E8E-8663-78D25C57D011} = {5E8062EA-DE35-4B32-B626-2D76DA3B90B5}
		{0F73342A-D715-4756-A39A-42CD6043F709} = {5E8062EA-DE35-4B32-B626-2D76DA3B90B5}
		{0AE8DCD8-C44D-40DB-93ED-D534EA67ECE9} = {5E8062EA-DE35-4B32-B626-2D76DA3B90B5}
	EndGlobalSection
	GlobalSection(ExtensibilityGlobals) = postSolution
		SolutionGuid = {7C7DDD5C-72F0-4E76-A606-02DA3CD8946A}
	EndGlobalSection
EndGlobal
